
Microsoft Visual Studio Solution File, Format Version 12.00
# Visual Studio 14
VisualStudioVersion = 14.0.23107.0
MinimumVisualStudioVersion = 10.0.40219.1
Project("{FAE04EC0-301F-11D3-BF4B-00C04F79EFBC}") = "Starcraft2BuildPlanner", "Starcraft2BuildPlanner\Starcraft2BuildPlanner.csproj", "{AFAC7083-A4BE-4265-BF52-2CC222794FD9}"
EndProject
Project("{FAE04EC0-301F-11D3-BF4B-00C04F79EFBC}") = "Starcraft2BuildPlannerTests", "Starcraft2BuildPlannerTests\Starcraft2BuildPlannerTests.csproj", "{B7517C12-DA16-4BB9-8E91-6BD9E6DD3C04}"
EndProject
Global
	GlobalSection(SolutionConfigurationPlatforms) = preSolution
		Debug|Any CPU = Debug|Any CPU
		Release|Any CPU = Release|Any CPU
	EndGlobalSection
	GlobalSection(ProjectConfigurationPlatforms) = postSolution
		{AFAC7083-A4BE-4265-BF52-2CC222794FD9}.Debug|Any CPU.ActiveCfg = Debug|Any CPU
		{AFAC7083-A4BE-4265-BF52-2CC222794FD9}.Debug|Any CPU.Build.0 = Debug|Any CPU
		{AFAC7083-A4BE-4265-BF52-2CC222794FD9}.Release|Any CPU.ActiveCfg = Release|Any CPU
		{AFAC7083-A4BE-4265-BF52-2CC222794FD9}.Release|Any CPU.Build.0 = Release|Any CPU
		{B7517C12-DA16-4BB9-8E91-6BD9E6DD3C04}.Debug|Any CPU.ActiveCfg = Debug|Any CPU
		{B7517C12-DA16-4BB9-8E91-6BD9E6DD3C04}.Debug|Any CPU.Build.0 = Debug|Any CPU
		{B7517C12-DA16-4BB9-8E91-6BD9E6DD3C04}.Release|Any CPU.ActiveCfg = Release|Any CPU
		{B7517C12-DA16-4BB9-8E91-6BD9E6DD3C04}.Release|Any CPU.Build.0 = Release|Any CPU
	EndGlobalSection
	GlobalSection(SolutionProperties) = preSolution
		HideSolutionNode = FALSE
	EndGlobalSection
EndGlobal
